
Microsoft Visual Studio Solution File, Format Version 12.00
# Visual Studio Version 16
VisualStudioVersion = 16.0.29920.165
MinimumVisualStudioVersion = 10.0.40219.1
Project("{FAE04EC0-301F-11D3-BF4B-00C04F79EFBC}") = "Delivery.Api", "Delivery.Api\Delivery.Api.csproj", "{C518BF39-1565-454A-A0CE-EBF55368C0A9}"
EndProject
Project("{FAE04EC0-301F-11D3-BF4B-00C04F79EFBC}") = "Delivery.Domain", "Delivery.Domain\Delivery.Domain.csproj", "{AE5DE4D5-3ABC-4DA3-AC65-2E16D5AE86BD}"
EndProject
Project("{FAE04EC0-301F-11D3-BF4B-00C04F79EFBC}") = "Delivery.Database", "Delivery.Database\Delivery.Database.csproj", "{F8003085-94C6-43B9-9510-01DBFF4834CB}"
EndProject
Project("{2150E333-8FDC-42A3-9474-1A3956D46DE8}") = "Domain", "Domain", "{02853A64-209C-44AA-B29E-E19BAA84D802}"
EndProject
Project("{2150E333-8FDC-42A3-9474-1A3956D46DE8}") = "Database", "Database", "{7214703A-208B-48CA-B656-3504032F27F1}"
EndProject
Project("{2150E333-8FDC-42A3-9474-1A3956D46DE8}") = "Hosts", "Hosts", "{5D3CF12A-0299-4ACC-9655-1628E31BDA4C}"
EndProject
Project("{2150E333-8FDC-42A3-9474-1A3956D46DE8}") = "Business", "Business", "{138DD804-2DE2-4127-A54C-2D138E40BF22}"
EndProject
Project("{2150E333-8FDC-42A3-9474-1A3956D46DE8}") = "Core", "Core", "{DD596254-9ACF-448E-926E-4183C546239E}"
EndProject
Project("{FAE04EC0-301F-11D3-BF4B-00C04F79EFBC}") = "Delivery.Product.Domain", "Delivery.Product.Domain\Delivery.Product.Domain.csproj", "{999CE630-3DE9-4426-8C7A-1DB41A88EE2D}"
EndProject
Project("{2150E333-8FDC-42A3-9474-1A3956D46DE8}") = "Product", "Product", "{BA37AFD2-77E7-474E-8D40-38E657E38FD2}"
EndProject
Project("{2150E333-8FDC-42A3-9474-1A3956D46DE8}") = "Order", "Order", "{BA6C17DF-29BC-418B-9102-FA2E4D63C68A}"
EndProject
Project("{FAE04EC0-301F-11D3-BF4B-00C04F79EFBC}") = "Delivery.Order.Domain", "Delivery.Order.Domain\Delivery.Order.Domain.csproj", "{E060ED4C-AA72-4AE4-AB5B-863B178D79B8}"
EndProject
Project("{2150E333-8FDC-42A3-9474-1A3956D46DE8}") = "Category", "Category", "{95A3A35F-DE74-4F61-B561-F4A066670B6A}"
EndProject
Project("{FAE04EC0-301F-11D3-BF4B-00C04F79EFBC}") = "Delivery.Category.Domain", "Delivery.Category.Domain\Delivery.Category.Domain.csproj", "{A587296D-7520-48CB-B322-67DA42E0214A}"
EndProject
Project("{2150E333-8FDC-42A3-9474-1A3956D46DE8}") = "Address", "Address", "{E4EC6318-98DD-4B4D-953E-D36AF13D41BF}"
EndProject
Project("{FAE04EC0-301F-11D3-BF4B-00C04F79EFBC}") = "Delivery.Address.Domain", "Delivery.Address.Domain\Delivery.Address.Domain.csproj", "{68849B51-FC69-4FC4-BADC-FC26BD22FB19}"
EndProject
Project("{2150E333-8FDC-42A3-9474-1A3956D46DE8}") = "Framework", "Framework", "{2B2BFE34-5DC0-481B-A3CE-75E30F07A924}"
EndProject
Project("{2150E333-8FDC-42A3-9474-1A3956D46DE8}") = "Projects", "Projects", "{A2CC8780-53F1-405D-8235-ADE14DEC0EBE}"
EndProject
Project("{FAE04EC0-301F-11D3-BF4B-00C04F79EFBC}") = "Delivery.Azure.Library.Core", "Delivery.Azure.Library.Core\Delivery.Azure.Library.Core.csproj", "{FEDEEF8B-EF58-4314-81BE-90FD1B918784}"
EndProject
Project("{2150E333-8FDC-42A3-9474-1A3956D46DE8}") = "Customer", "Customer", "{151E5288-0127-4318-9637-A2A85D0FA5FC}"
EndProject
Project("{FAE04EC0-301F-11D3-BF4B-00C04F79EFBC}") = "Delivery.Customer.Domain", "Delivery.Customer.Domain\Delivery.Customer.Domain.csproj", "{1B9901D6-8E12-4E8A-A010-54D836232408}"
EndProject
Project("{2150E333-8FDC-42A3-9474-1A3956D46DE8}") = "Users", "Users", "{FA76D400-400D-4480-858E-C7D6FFD735B9}"
EndProject
Project("{FAE04EC0-301F-11D3-BF4B-00C04F79EFBC}") = "Delivery.User.Domain", "Delivery.User.Domain\Delivery.User.Domain.csproj", "{E4E6B614-1F81-4647-A777-9A5D64D4923F}"
EndProject
Project("{FAE04EC0-301F-11D3-BF4B-00C04F79EFBC}") = "Delivery.Azure.Library.Sharding", "Delivery.Azure.Library.Sharding\Delivery.Azure.Library.Sharding.csproj", "{0B3B3936-E151-4C4B-A7B6-2B2DDC7706EE}"
EndProject
Project("{FAE04EC0-301F-11D3-BF4B-00C04F79EFBC}") = "Delivery.Azure.Library.Database", "Delivery.Azure.Library.Database\Delivery.Azure.Library.Database.csproj", "{32D0F9A2-023B-4681-8B79-0591E8119AA0}"
EndProject
Project("{FAE04EC0-301F-11D3-BF4B-00C04F79EFBC}") = "Delivery.Azure.Library.Configuration", "Delivery.Azure.Library.Configuration\Delivery.Azure.Library.Configuration.csproj", "{B7AD9C22-F88A-4FA8-ABD8-343D99E6F9DF}"
EndProject
Project("{FAE04EC0-301F-11D3-BF4B-00C04F79EFBC}") = "Delivery.Azure.Library.Contracts", "Delivery.Azure.Library.Contracts\Delivery.Azure.Library.Contracts.csproj", "{0E4CCE4F-E441-4FBD-AE01-410A3F43EFD2}"
EndProject
Project("{FAE04EC0-301F-11D3-BF4B-00C04F79EFBC}") = "Delivery.Azure.Library.Telemetry", "Delivery.Azure.Library.Telemetry\Delivery.Azure.Library.Telemetry.csproj", "{AEE1D428-1207-4FF4-912E-0D41DF35A759}"
EndProject
Project("{FAE04EC0-301F-11D3-BF4B-00C04F79EFBC}") = "Delivery.Azure.Library.Caching", "Delivery.Azure.Library.Caching\Delivery.Azure.Library.Caching.csproj", "{568A9538-3233-4514-AFE1-9575D290F475}"
EndProject
Global
	GlobalSection(SolutionConfigurationPlatforms) = preSolution
		Debug|Any CPU = Debug|Any CPU
		Release|Any CPU = Release|Any CPU
	EndGlobalSection
	GlobalSection(ProjectConfigurationPlatforms) = postSolution
		{C518BF39-1565-454A-A0CE-EBF55368C0A9}.Debug|Any CPU.ActiveCfg = Debug|Any CPU
		{C518BF39-1565-454A-A0CE-EBF55368C0A9}.Debug|Any CPU.Build.0 = Debug|Any CPU
		{C518BF39-1565-454A-A0CE-EBF55368C0A9}.Release|Any CPU.ActiveCfg = Release|Any CPU
		{C518BF39-1565-454A-A0CE-EBF55368C0A9}.Release|Any CPU.Build.0 = Release|Any CPU
		{AE5DE4D5-3ABC-4DA3-AC65-2E16D5AE86BD}.Debug|Any CPU.ActiveCfg = Debug|Any CPU
		{AE5DE4D5-3ABC-4DA3-AC65-2E16D5AE86BD}.Debug|Any CPU.Build.0 = Debug|Any CPU
		{AE5DE4D5-3ABC-4DA3-AC65-2E16D5AE86BD}.Release|Any CPU.ActiveCfg = Release|Any CPU
		{AE5DE4D5-3ABC-4DA3-AC65-2E16D5AE86BD}.Release|Any CPU.Build.0 = Release|Any CPU
		{F8003085-94C6-43B9-9510-01DBFF4834CB}.Debug|Any CPU.ActiveCfg = Debug|Any CPU
		{F8003085-94C6-43B9-9510-01DBFF4834CB}.Debug|Any CPU.Build.0 = Debug|Any CPU
		{F8003085-94C6-43B9-9510-01DBFF4834CB}.Release|Any CPU.ActiveCfg = Release|Any CPU
		{F8003085-94C6-43B9-9510-01DBFF4834CB}.Release|Any CPU.Build.0 = Release|Any CPU
		{999CE630-3DE9-4426-8C7A-1DB41A88EE2D}.Debug|Any CPU.ActiveCfg = Debug|Any CPU
		{999CE630-3DE9-4426-8C7A-1DB41A88EE2D}.Debug|Any CPU.Build.0 = Debug|Any CPU
		{999CE630-3DE9-4426-8C7A-1DB41A88EE2D}.Release|Any CPU.ActiveCfg = Release|Any CPU
		{999CE630-3DE9-4426-8C7A-1DB41A88EE2D}.Release|Any CPU.Build.0 = Release|Any CPU
		{E060ED4C-AA72-4AE4-AB5B-863B178D79B8}.Debug|Any CPU.ActiveCfg = Debug|Any CPU
		{E060ED4C-AA72-4AE4-AB5B-863B178D79B8}.Debug|Any CPU.Build.0 = Debug|Any CPU
		{E060ED4C-AA72-4AE4-AB5B-863B178D79B8}.Release|Any CPU.ActiveCfg = Release|Any CPU
		{E060ED4C-AA72-4AE4-AB5B-863B178D79B8}.Release|Any CPU.Build.0 = Release|Any CPU
		{A587296D-7520-48CB-B322-67DA42E0214A}.Debug|Any CPU.ActiveCfg = Debug|Any CPU
		{A587296D-7520-48CB-B322-67DA42E0214A}.Debug|Any CPU.Build.0 = Debug|Any CPU
		{A587296D-7520-48CB-B322-67DA42E0214A}.Release|Any CPU.ActiveCfg = Release|Any CPU
		{A587296D-7520-48CB-B322-67DA42E0214A}.Release|Any CPU.Build.0 = Release|Any CPU
		{68849B51-FC69-4FC4-BADC-FC26BD22FB19}.Debug|Any CPU.ActiveCfg = Debug|Any CPU
		{68849B51-FC69-4FC4-BADC-FC26BD22FB19}.Debug|Any CPU.Build.0 = Debug|Any CPU
		{68849B51-FC69-4FC4-BADC-FC26BD22FB19}.Release|Any CPU.ActiveCfg = Release|Any CPU
		{68849B51-FC69-4FC4-BADC-FC26BD22FB19}.Release|Any CPU.Build.0 = Release|Any CPU
		{FEDEEF8B-EF58-4314-81BE-90FD1B918784}.Debug|Any CPU.ActiveCfg = Debug|Any CPU
		{FEDEEF8B-EF58-4314-81BE-90FD1B918784}.Debug|Any CPU.Build.0 = Debug|Any CPU
		{FEDEEF8B-EF58-4314-81BE-90FD1B918784}.Release|Any CPU.ActiveCfg = Release|Any CPU
		{FEDEEF8B-EF58-4314-81BE-90FD1B918784}.Release|Any CPU.Build.0 = Release|Any CPU
		{1B9901D6-8E12-4E8A-A010-54D836232408}.Debug|Any CPU.ActiveCfg = Debug|Any CPU
		{1B9901D6-8E12-4E8A-A010-54D836232408}.Debug|Any CPU.Build.0 = Debug|Any CPU
		{1B9901D6-8E12-4E8A-A010-54D836232408}.Release|Any CPU.ActiveCfg = Release|Any CPU
		{1B9901D6-8E12-4E8A-A010-54D836232408}.Release|Any CPU.Build.0 = Release|Any CPU
		{E4E6B614-1F81-4647-A777-9A5D64D4923F}.Debug|Any CPU.ActiveCfg = Debug|Any CPU
		{E4E6B614-1F81-4647-A777-9A5D64D4923F}.Debug|Any CPU.Build.0 = Debug|Any CPU
		{E4E6B614-1F81-4647-A777-9A5D64D4923F}.Release|Any CPU.ActiveCfg = Release|Any CPU
		{E4E6B614-1F81-4647-A777-9A5D64D4923F}.Release|Any CPU.Build.0 = Release|Any CPU
		{0B3B3936-E151-4C4B-A7B6-2B2DDC7706EE}.Debug|Any CPU.ActiveCfg = Debug|Any CPU
		{0B3B3936-E151-4C4B-A7B6-2B2DDC7706EE}.Debug|Any CPU.Build.0 = Debug|Any CPU
		{0B3B3936-E151-4C4B-A7B6-2B2DDC7706EE}.Release|Any CPU.ActiveCfg = Release|Any CPU
		{0B3B3936-E151-4C4B-A7B6-2B2DDC7706EE}.Release|Any CPU.Build.0 = Release|Any CPU
		{32D0F9A2-023B-4681-8B79-0591E8119AA0}.Debug|Any CPU.ActiveCfg = Debug|Any CPU
		{32D0F9A2-023B-4681-8B79-0591E8119AA0}.Debug|Any CPU.Build.0 = Debug|Any CPU
		{32D0F9A2-023B-4681-8B79-0591E8119AA0}.Release|Any CPU.ActiveCfg = Release|Any CPU
		{32D0F9A2-023B-4681-8B79-0591E8119AA0}.Release|Any CPU.Build.0 = Release|Any CPU
		{B7AD9C22-F88A-4FA8-ABD8-343D99E6F9DF}.Debug|Any CPU.ActiveCfg = Debug|Any CPU
		{B7AD9C22-F88A-4FA8-ABD8-343D99E6F9DF}.Debug|Any CPU.Build.0 = Debug|Any CPU
		{B7AD9C22-F88A-4FA8-ABD8-343D99E6F9DF}.Release|Any CPU.ActiveCfg = Release|Any CPU
		{B7AD9C22-F88A-4FA8-ABD8-343D99E6F9DF}.Release|Any CPU.Build.0 = Release|Any CPU
		{0E4CCE4F-E441-4FBD-AE01-410A3F43EFD2}.Debug|Any CPU.ActiveCfg = Debug|Any CPU
		{0E4CCE4F-E441-4FBD-AE01-410A3F43EFD2}.Debug|Any CPU.Build.0 = Debug|Any CPU
		{0E4CCE4F-E441-4FBD-AE01-410A3F43EFD2}.Release|Any CPU.ActiveCfg = Release|Any CPU
		{0E4CCE4F-E441-4FBD-AE01-410A3F43EFD2}.Release|Any CPU.Build.0 = Release|Any CPU
		{AEE1D428-1207-4FF4-912E-0D41DF35A759}.Debug|Any CPU.ActiveCfg = Debug|Any CPU
		{AEE1D428-1207-4FF4-912E-0D41DF35A759}.Debug|Any CPU.Build.0 = Debug|Any CPU
		{AEE1D428-1207-4FF4-912E-0D41DF35A759}.Release|Any CPU.ActiveCfg = Release|Any CPU
		{AEE1D428-1207-4FF4-912E-0D41DF35A759}.Release|Any CPU.Build.0 = Release|Any CPU
		{568A9538-3233-4514-AFE1-9575D290F475}.Debug|Any CPU.ActiveCfg = Debug|Any CPU
		{568A9538-3233-4514-AFE1-9575D290F475}.Debug|Any CPU.Build.0 = Debug|Any CPU
		{568A9538-3233-4514-AFE1-9575D290F475}.Release|Any CPU.ActiveCfg = Release|Any CPU
		{568A9538-3233-4514-AFE1-9575D290F475}.Release|Any CPU.Build.0 = Release|Any CPU
	EndGlobalSection
	GlobalSection(SolutionProperties) = preSolution
		HideSolutionNode = FALSE
	EndGlobalSection
	GlobalSection(ExtensibilityGlobals) = postSolution
		SolutionGuid = {7C268505-2A85-4A6F-86CE-422EF9A79131}
	EndGlobalSection
	GlobalSection(NestedProjects) = preSolution
		{F8003085-94C6-43B9-9510-01DBFF4834CB} = {7214703A-208B-48CA-B656-3504032F27F1}
		{C518BF39-1565-454A-A0CE-EBF55368C0A9} = {5D3CF12A-0299-4ACC-9655-1628E31BDA4C}
		{138DD804-2DE2-4127-A54C-2D138E40BF22} = {02853A64-209C-44AA-B29E-E19BAA84D802}
		{DD596254-9ACF-448E-926E-4183C546239E} = {02853A64-209C-44AA-B29E-E19BAA84D802}
		{AE5DE4D5-3ABC-4DA3-AC65-2E16D5AE86BD} = {DD596254-9ACF-448E-926E-4183C546239E}
		{BA37AFD2-77E7-474E-8D40-38E657E38FD2} = {138DD804-2DE2-4127-A54C-2D138E40BF22}
		{999CE630-3DE9-4426-8C7A-1DB41A88EE2D} = {BA37AFD2-77E7-474E-8D40-38E657E38FD2}
		{BA6C17DF-29BC-418B-9102-FA2E4D63C68A} = {138DD804-2DE2-4127-A54C-2D138E40BF22}
		{E060ED4C-AA72-4AE4-AB5B-863B178D79B8} = {BA6C17DF-29BC-418B-9102-FA2E4D63C68A}
		{95A3A35F-DE74-4F61-B561-F4A066670B6A} = {138DD804-2DE2-4127-A54C-2D138E40BF22}
		{A587296D-7520-48CB-B322-67DA42E0214A} = {95A3A35F-DE74-4F61-B561-F4A066670B6A}
		{E4EC6318-98DD-4B4D-953E-D36AF13D41BF} = {138DD804-2DE2-4127-A54C-2D138E40BF22}
		{68849B51-FC69-4FC4-BADC-FC26BD22FB19} = {E4EC6318-98DD-4B4D-953E-D36AF13D41BF}
		{A2CC8780-53F1-405D-8235-ADE14DEC0EBE} = {2B2BFE34-5DC0-481B-A3CE-75E30F07A924}
		{FEDEEF8B-EF58-4314-81BE-90FD1B918784} = {A2CC8780-53F1-405D-8235-ADE14DEC0EBE}
		{151E5288-0127-4318-9637-A2A85D0FA5FC} = {138DD804-2DE2-4127-A54C-2D138E40BF22}
		{1B9901D6-8E12-4E8A-A010-54D836232408} = {151E5288-0127-4318-9637-A2A85D0FA5FC}
		{FA76D400-400D-4480-858E-C7D6FFD735B9} = {138DD804-2DE2-4127-A54C-2D138E40BF22}
		{E4E6B614-1F81-4647-A777-9A5D64D4923F} = {FA76D400-400D-4480-858E-C7D6FFD735B9}
		{0B3B3936-E151-4C4B-A7B6-2B2DDC7706EE} = {A2CC8780-53F1-405D-8235-ADE14DEC0EBE}
		{32D0F9A2-023B-4681-8B79-0591E8119AA0} = {A2CC8780-53F1-405D-8235-ADE14DEC0EBE}
		{B7AD9C22-F88A-4FA8-ABD8-343D99E6F9DF} = {A2CC8780-53F1-405D-8235-ADE14DEC0EBE}
		{0E4CCE4F-E441-4FBD-AE01-410A3F43EFD2} = {A2CC8780-53F1-405D-8235-ADE14DEC0EBE}
		{AEE1D428-1207-4FF4-912E-0D41DF35A759} = {A2CC8780-53F1-405D-8235-ADE14DEC0EBE}
		{568A9538-3233-4514-AFE1-9575D290F475} = {A2CC8780-53F1-405D-8235-ADE14DEC0EBE}
	EndGlobalSection
EndGlobal
