
Microsoft Visual Studio Solution File, Format Version 12.00
# Visual Studio Version 16
VisualStudioVersion = 16.0.29920.165
MinimumVisualStudioVersion = 10.0.40219.1
Project("{FAE04EC0-301F-11D3-BF4B-00C04F79EFBC}") = "Delivery.Api", "Delivery.Api\Delivery.Api.csproj", "{C518BF39-1565-454A-A0CE-EBF55368C0A9}"
EndProject
Project("{FAE04EC0-301F-11D3-BF4B-00C04F79EFBC}") = "Delivery.Domain", "Delivery.Domain\Delivery.Domain.csproj", "{AE5DE4D5-3ABC-4DA3-AC65-2E16D5AE86BD}"
EndProject
Project("{FAE04EC0-301F-11D3-BF4B-00C04F79EFBC}") = "Delivery.Database", "Delivery.Database\Delivery.Database.csproj", "{F8003085-94C6-43B9-9510-01DBFF4834CB}"
EndProject
Project("{2150E333-8FDC-42A3-9474-1A3956D46DE8}") = "Domain", "Domain", "{02853A64-209C-44AA-B29E-E19BAA84D802}"
EndProject
Project("{2150E333-8FDC-42A3-9474-1A3956D46DE8}") = "Database", "Database", "{7214703A-208B-48CA-B656-3504032F27F1}"
EndProject
Project("{2150E333-8FDC-42A3-9474-1A3956D46DE8}") = "Hosts", "Hosts", "{5D3CF12A-0299-4ACC-9655-1628E31BDA4C}"
EndProject
Project("{2150E333-8FDC-42A3-9474-1A3956D46DE8}") = "Business", "Business", "{138DD804-2DE2-4127-A54C-2D138E40BF22}"
EndProject
Project("{2150E333-8FDC-42A3-9474-1A3956D46DE8}") = "Core", "Core", "{DD596254-9ACF-448E-926E-4183C546239E}"
EndProject
Project("{FAE04EC0-301F-11D3-BF4B-00C04F79EFBC}") = "Delivery.Product.Domain", "Delivery.Product.Domain\Delivery.Product.Domain.csproj", "{999CE630-3DE9-4426-8C7A-1DB41A88EE2D}"
EndProject
Global
	GlobalSection(SolutionConfigurationPlatforms) = preSolution
		Debug|Any CPU = Debug|Any CPU
		Release|Any CPU = Release|Any CPU
	EndGlobalSection
	GlobalSection(ProjectConfigurationPlatforms) = postSolution
		{C518BF39-1565-454A-A0CE-EBF55368C0A9}.Debug|Any CPU.ActiveCfg = Debug|Any CPU
		{C518BF39-1565-454A-A0CE-EBF55368C0A9}.Debug|Any CPU.Build.0 = Debug|Any CPU
		{C518BF39-1565-454A-A0CE-EBF55368C0A9}.Release|Any CPU.ActiveCfg = Release|Any CPU
		{C518BF39-1565-454A-A0CE-EBF55368C0A9}.Release|Any CPU.Build.0 = Release|Any CPU
		{AE5DE4D5-3ABC-4DA3-AC65-2E16D5AE86BD}.Debug|Any CPU.ActiveCfg = Debug|Any CPU
		{AE5DE4D5-3ABC-4DA3-AC65-2E16D5AE86BD}.Debug|Any CPU.Build.0 = Debug|Any CPU
		{AE5DE4D5-3ABC-4DA3-AC65-2E16D5AE86BD}.Release|Any CPU.ActiveCfg = Release|Any CPU
		{AE5DE4D5-3ABC-4DA3-AC65-2E16D5AE86BD}.Release|Any CPU.Build.0 = Release|Any CPU
		{F8003085-94C6-43B9-9510-01DBFF4834CB}.Debug|Any CPU.ActiveCfg = Debug|Any CPU
		{F8003085-94C6-43B9-9510-01DBFF4834CB}.Debug|Any CPU.Build.0 = Debug|Any CPU
		{F8003085-94C6-43B9-9510-01DBFF4834CB}.Release|Any CPU.ActiveCfg = Release|Any CPU
		{F8003085-94C6-43B9-9510-01DBFF4834CB}.Release|Any CPU.Build.0 = Release|Any CPU
		{999CE630-3DE9-4426-8C7A-1DB41A88EE2D}.Debug|Any CPU.ActiveCfg = Debug|Any CPU
		{999CE630-3DE9-4426-8C7A-1DB41A88EE2D}.Debug|Any CPU.Build.0 = Debug|Any CPU
		{999CE630-3DE9-4426-8C7A-1DB41A88EE2D}.Release|Any CPU.ActiveCfg = Release|Any CPU
		{999CE630-3DE9-4426-8C7A-1DB41A88EE2D}.Release|Any CPU.Build.0 = Release|Any CPU
	EndGlobalSection
	GlobalSection(SolutionProperties) = preSolution
		HideSolutionNode = FALSE
	EndGlobalSection
	GlobalSection(ExtensibilityGlobals) = postSolution
		SolutionGuid = {7C268505-2A85-4A6F-86CE-422EF9A79131}
	EndGlobalSection
	GlobalSection(NestedProjects) = preSolution
		{F8003085-94C6-43B9-9510-01DBFF4834CB} = {7214703A-208B-48CA-B656-3504032F27F1}
		{C518BF39-1565-454A-A0CE-EBF55368C0A9} = {5D3CF12A-0299-4ACC-9655-1628E31BDA4C}
		{138DD804-2DE2-4127-A54C-2D138E40BF22} = {02853A64-209C-44AA-B29E-E19BAA84D802}
		{DD596254-9ACF-448E-926E-4183C546239E} = {02853A64-209C-44AA-B29E-E19BAA84D802}
		{999CE630-3DE9-4426-8C7A-1DB41A88EE2D} = {138DD804-2DE2-4127-A54C-2D138E40BF22}
		{AE5DE4D5-3ABC-4DA3-AC65-2E16D5AE86BD} = {DD596254-9ACF-448E-926E-4183C546239E}
	EndGlobalSection
EndGlobal
